
Microsoft Visual Studio Solution File, Format Version 12.00
# Visual Studio 15
VisualStudioVersion = 15.0.27130.2010
MinimumVisualStudioVersion = 10.0.40219.1
Project("{FAE04EC0-301F-11D3-BF4B-00C04F79EFBC}") = "MayanDate", "MayanDate\MayanDate.csproj", "{1403D5E2-9CB3-4E71-A089-E0525A6B4718}"
EndProject
Project("{2150E333-8FDC-42A3-9474-1A3956D46DE8}") = "Samples", "Samples", "{BE020603-8AC4-4845-99DF-269A05E2CF29}"
EndProject
Project("{FAE04EC0-301F-11D3-BF4B-00C04F79EFBC}") = "ConsoleApp", "Samples\ConsoleApp\ConsoleApp.csproj", "{34622270-33F1-44D1-901C-F84F9912613B}"
EndProject
Project("{FAE04EC0-301F-11D3-BF4B-00C04F79EFBC}") = "MayanData.Test", "MayanData.Test\MayanData.Test.csproj", "{26B80F00-4F8A-4552-9AC9-5EFE7454EADE}"
EndProject
Global
	GlobalSection(SolutionConfigurationPlatforms) = preSolution
		Debug|Any CPU = Debug|Any CPU
		Release|Any CPU = Release|Any CPU
	EndGlobalSection
	GlobalSection(ProjectConfigurationPlatforms) = postSolution
		{1403D5E2-9CB3-4E71-A089-E0525A6B4718}.Debug|Any CPU.ActiveCfg = Debug|Any CPU
		{1403D5E2-9CB3-4E71-A089-E0525A6B4718}.Debug|Any CPU.Build.0 = Debug|Any CPU
		{1403D5E2-9CB3-4E71-A089-E0525A6B4718}.Release|Any CPU.ActiveCfg = Release 4.5|Any CPU
		{1403D5E2-9CB3-4E71-A089-E0525A6B4718}.Release|Any CPU.Build.0 = Release 4.5|Any CPU
		{34622270-33F1-44D1-901C-F84F9912613B}.Debug|Any CPU.ActiveCfg = Debug|Any CPU
		{34622270-33F1-44D1-901C-F84F9912613B}.Debug|Any CPU.Build.0 = Debug|Any CPU
		{34622270-33F1-44D1-901C-F84F9912613B}.Release|Any CPU.ActiveCfg = Release|Any CPU
		{34622270-33F1-44D1-901C-F84F9912613B}.Release|Any CPU.Build.0 = Release|Any CPU
		{26B80F00-4F8A-4552-9AC9-5EFE7454EADE}.Debug|Any CPU.ActiveCfg = Debug|Any CPU
		{26B80F00-4F8A-4552-9AC9-5EFE7454EADE}.Debug|Any CPU.Build.0 = Debug|Any CPU
		{26B80F00-4F8A-4552-9AC9-5EFE7454EADE}.Release|Any CPU.ActiveCfg = Release|Any CPU
		{26B80F00-4F8A-4552-9AC9-5EFE7454EADE}.Release|Any CPU.Build.0 = Release|Any CPU
	EndGlobalSection
	GlobalSection(SolutionProperties) = preSolution
		HideSolutionNode = FALSE
	EndGlobalSection
	GlobalSection(NestedProjects) = preSolution
		{34622270-33F1-44D1-901C-F84F9912613B} = {BE020603-8AC4-4845-99DF-269A05E2CF29}
	EndGlobalSection
	GlobalSection(ExtensibilityGlobals) = postSolution
		SolutionGuid = {9EB3810D-ADA8-409D-8C2B-E27FB8D20201}
	EndGlobalSection
EndGlobal
