
Microsoft Visual Studio Solution File, Format Version 12.00
# Visual Studio 14
VisualStudioVersion = 14.0.24720.0
MinimumVisualStudioVersion = 10.0.40219.1
Project("{FAE04EC0-301F-11D3-BF4B-00C04F79EFBC}") = "MayanDate", "MayanDate\MayanDate.csproj", "{1403D5E2-9CB3-4E71-A089-E0525A6B4718}"
EndProject
Project("{FAE04EC0-301F-11D3-BF4B-00C04F79EFBC}") = "MayanDate.Test", "Test.MayanDate\MayanDate.Test.csproj", "{65D2E872-38CC-4A05-9E2B-75085B5150D6}"
EndProject
Project("{2150E333-8FDC-42A3-9474-1A3956D46DE8}") = "Samples", "Samples", "{BE020603-8AC4-4845-99DF-269A05E2CF29}"
EndProject
Project("{FAE04EC0-301F-11D3-BF4B-00C04F79EFBC}") = "ConsoleApp", "Samples\ConsoleApp\ConsoleApp.csproj", "{34622270-33F1-44D1-901C-F84F9912613B}"
EndProject
Global
	GlobalSection(SolutionConfigurationPlatforms) = preSolution
		Debug|Any CPU = Debug|Any CPU
		Release|Any CPU = Release|Any CPU
	EndGlobalSection
	GlobalSection(ProjectConfigurationPlatforms) = postSolution
		{1403D5E2-9CB3-4E71-A089-E0525A6B4718}.Debug|Any CPU.ActiveCfg = Debug|Any CPU
		{1403D5E2-9CB3-4E71-A089-E0525A6B4718}.Debug|Any CPU.Build.0 = Debug|Any CPU
		{1403D5E2-9CB3-4E71-A089-E0525A6B4718}.Release|Any CPU.ActiveCfg = Release|Any CPU
		{1403D5E2-9CB3-4E71-A089-E0525A6B4718}.Release|Any CPU.Build.0 = Release|Any CPU
		{65D2E872-38CC-4A05-9E2B-75085B5150D6}.Debug|Any CPU.ActiveCfg = Debug|Any CPU
		{65D2E872-38CC-4A05-9E2B-75085B5150D6}.Debug|Any CPU.Build.0 = Debug|Any CPU
		{65D2E872-38CC-4A05-9E2B-75085B5150D6}.Release|Any CPU.ActiveCfg = Release|Any CPU
		{65D2E872-38CC-4A05-9E2B-75085B5150D6}.Release|Any CPU.Build.0 = Release|Any CPU
		{34622270-33F1-44D1-901C-F84F9912613B}.Debug|Any CPU.ActiveCfg = Debug|Any CPU
		{34622270-33F1-44D1-901C-F84F9912613B}.Debug|Any CPU.Build.0 = Debug|Any CPU
		{34622270-33F1-44D1-901C-F84F9912613B}.Release|Any CPU.ActiveCfg = Release|Any CPU
		{34622270-33F1-44D1-901C-F84F9912613B}.Release|Any CPU.Build.0 = Release|Any CPU
	EndGlobalSection
	GlobalSection(SolutionProperties) = preSolution
		HideSolutionNode = FALSE
	EndGlobalSection
	GlobalSection(NestedProjects) = preSolution
		{34622270-33F1-44D1-901C-F84F9912613B} = {BE020603-8AC4-4845-99DF-269A05E2CF29}
	EndGlobalSection
EndGlobal
